
Microsoft Visual Studio Solution File, Format Version 12.00
# Visual Studio Version 16
VisualStudioVersion = 16.0.30225.117
MinimumVisualStudioVersion = 10.0.40219.1
Project("{FAE04EC0-301F-11D3-BF4B-00C04F79EFBC}") = "HepsiBuradaCaseProject", "HepsiBuradaCaseProject\HepsiBuradaCaseProject.csproj", "{FA8E2A5E-EDE3-4D89-A447-37BAC4F0FD30}"
EndProject
Global
	GlobalSection(SolutionConfigurationPlatforms) = preSolution
		Debug|Any CPU = Debug|Any CPU
		Release|Any CPU = Release|Any CPU
	EndGlobalSection
	GlobalSection(ProjectConfigurationPlatforms) = postSolution
		{FA8E2A5E-EDE3-4D89-A447-37BAC4F0FD30}.Debug|Any CPU.ActiveCfg = Debug|Any CPU
		{FA8E2A5E-EDE3-4D89-A447-37BAC4F0FD30}.Debug|Any CPU.Build.0 = Debug|Any CPU
		{FA8E2A5E-EDE3-4D89-A447-37BAC4F0FD30}.Release|Any CPU.ActiveCfg = Release|Any CPU
		{FA8E2A5E-EDE3-4D89-A447-37BAC4F0FD30}.Release|Any CPU.Build.0 = Release|Any CPU
	EndGlobalSection
	GlobalSection(SolutionProperties) = preSolution
		HideSolutionNode = FALSE
	EndGlobalSection
	GlobalSection(ExtensibilityGlobals) = postSolution
		SolutionGuid = {601ECC56-598F-4C77-8CAD-3BBA6CCE6E31}
	EndGlobalSection
EndGlobal
